Microsoft Visual Studio Solution File, Format Version 12.00
# Visual Studio Version 17
VisualStudioVersion = 17.5.2.0
MinimumVisualStudioVersion = 10.0.40219.1
Project("{FAE04EC0-301F-11D3-BF4B-00C04F79EFBC}") = "itec420", "itec420.csproj", "{0952067A-E776-11BC-8140-7807FC150497}"
EndProject
Global
	GlobalSection(SolutionConfigurationPlatforms) = preSolution
		Debug|Any CPU = Debug|Any CPU
		Release|Any CPU = Release|Any CPU
	EndGlobalSection
	GlobalSection(ProjectConfigurationPlatforms) = postSolution
		{0952067A-E776-11BC-8140-7807FC150497}.Debug|Any CPU.ActiveCfg = Debug|Any CPU
		{0952067A-E776-11BC-8140-7807FC150497}.Debug|Any CPU.Build.0 = Debug|Any CPU
		{0952067A-E776-11BC-8140-7807FC150497}.Release|Any CPU.ActiveCfg = Release|Any CPU
		{0952067A-E776-11BC-8140-7807FC150497}.Release|Any CPU.Build.0 = Release|Any CPU
	EndGlobalSection
	GlobalSection(SolutionProperties) = preSolution
		HideSolutionNode = FALSE
	EndGlobalSection
	GlobalSection(ExtensibilityGlobals) = postSolution
		SolutionGuid = {88BC9354-2273-40E8-8347-3567717ADD27}
	EndGlobalSection
EndGlobal
